
Microsoft Visual Studio Solution File, Format Version 12.00
# Visual Studio Version 17
VisualStudioVersion = 17.1.32421.90
MinimumVisualStudioVersion = 10.0.40219.1
Project("{FAE04EC0-301F-11D3-BF4B-00C04F79EFBC}") = "PollProject.Server", "Server\PollProject.Server.csproj", "{BB38E398-7426-4EF8-8014-AD15BDB6EDF5}"
EndProject
Project("{FAE04EC0-301F-11D3-BF4B-00C04F79EFBC}") = "PollProject.Client", "Client\PollProject.Client.csproj", "{4744BA4A-4800-485B-9C4F-332E2A106C14}"
EndProject
Project("{FAE04EC0-301F-11D3-BF4B-00C04F79EFBC}") = "PollProject.Shared", "Shared\PollProject.Shared.csproj", "{FEC159C5-EFF7-495C-A8CD-F323DFBABD87}"
EndProject
Global
	GlobalSection(SolutionConfigurationPlatforms) = preSolution
		Debug|Any CPU = Debug|Any CPU
		Release|Any CPU = Release|Any CPU
	EndGlobalSection
	GlobalSection(ProjectConfigurationPlatforms) = postSolution
		{BB38E398-7426-4EF8-8014-AD15BDB6EDF5}.Debug|Any CPU.ActiveCfg = Debug|Any CPU
		{BB38E398-7426-4EF8-8014-AD15BDB6EDF5}.Debug|Any CPU.Build.0 = Debug|Any CPU
		{BB38E398-7426-4EF8-8014-AD15BDB6EDF5}.Release|Any CPU.ActiveCfg = Release|Any CPU
		{BB38E398-7426-4EF8-8014-AD15BDB6EDF5}.Release|Any CPU.Build.0 = Release|Any CPU
		{4744BA4A-4800-485B-9C4F-332E2A106C14}.Debug|Any CPU.ActiveCfg = Debug|Any CPU
		{4744BA4A-4800-485B-9C4F-332E2A106C14}.Debug|Any CPU.Build.0 = Debug|Any CPU
		{4744BA4A-4800-485B-9C4F-332E2A106C14}.Release|Any CPU.ActiveCfg = Release|Any CPU
		{4744BA4A-4800-485B-9C4F-332E2A106C14}.Release|Any CPU.Build.0 = Release|Any CPU
		{FEC159C5-EFF7-495C-A8CD-F323DFBABD87}.Debug|Any CPU.ActiveCfg = Debug|Any CPU
		{FEC159C5-EFF7-495C-A8CD-F323DFBABD87}.Debug|Any CPU.Build.0 = Debug|Any CPU
		{FEC159C5-EFF7-495C-A8CD-F323DFBABD87}.Release|Any CPU.ActiveCfg = Release|Any CPU
		{FEC159C5-EFF7-495C-A8CD-F323DFBABD87}.Release|Any CPU.Build.0 = Release|Any CPU
	EndGlobalSection
	GlobalSection(SolutionProperties) = preSolution
		HideSolutionNode = FALSE
	EndGlobalSection
	GlobalSection(ExtensibilityGlobals) = postSolution
		SolutionGuid = {7AF25D56-A04E-41F0-A987-980355296BAD}
	EndGlobalSection
EndGlobal
